// !$*UTF8*$!
{
	archiveVersion = 1;
	classes = {
	};
	objectVersion = 46;
	objects = {

/* Begin PBXBuildFile section */
		04256B5E1D9D4521002BF842 /* Constants.swift in Sources */ = {isa = PBXBuildFile; fileRef = 04256B5D1D9D4521002BF842 /* Constants.swift */; };
		0463AE101D9F613500745E01 /* Forecast.swift in Sources */ = {isa = PBXBuildFile; fileRef = 0463AE0F1D9F613500745E01 /* Forecast.swift */; };
		049520EA1D9E7F2C00FC8DE1 /* CurrentWeather.swift in Sources */ = {isa = PBXBuildFile; fileRef = 049520E91D9E7F2C00FC8DE1 /* CurrentWeather.swift */; };
		04C7D42D1D9D11D700FED19F /* AppDelegate.swift in Sources */ = {isa = PBXBuildFile; fileRef = 04C7D42C1D9D11D700FED19F /* AppDelegate.swift */; };
		04C7D42F1D9D11D700FED19F /* WeatherVC.swift in Sources */ = {isa = PBXBuildFile; fileRef = 04C7D42E1D9D11D700FED19F /* WeatherVC.swift */; };
		04C7D4321D9D11D700FED19F /* Main.storyboard in Resources */ = {isa = PBXBuildFile; fileRef = 04C7D4301D9D11D700FED19F /* Main.storyboard */; };
		04C7D4341D9D11D700FED19F /* Assets.xcassets in Resources */ = {isa = PBXBuildFile; fileRef = 04C7D4331D9D11D700FED19F /* Assets.xcassets */; };
		04C7D4371D9D11D700FED19F /* LaunchScreen.storyboard in Resources */ = {isa = PBXBuildFile; fileRef = 04C7D4351D9D11D700FED19F /* LaunchScreen.storyboard */; };
		C7052E78667391FA94C34F85 /* Pods_WeatherApp.framework in Frameworks */ = {isa = PBXBuildFile; fileRef = 4EBBFAB051763F1108034B30 /* Pods_WeatherApp.framework */; };
/* End PBXBuildFile section */

/* Begin PBXFileReference section */
		04256B5D1D9D4521002BF842 /* Constants.swift */ = {isa = PBXFileReference; fileEncoding = 4; lastKnownFileType = sourcecode.swift; path = Constants.swift; sourceTree = "<group>"; };
		0463AE0F1D9F613500745E01 /* Forecast.swift */ = {isa = PBXFileReference; fileEncoding = 4; lastKnownFileType = sourcecode.swift; path = Forecast.swift; sourceTree = "<group>"; };
		049520E91D9E7F2C00FC8DE1 /* CurrentWeather.swift */ = {isa = PBXFileReference; fileEncoding = 4; lastKnownFileType = sourcecode.swift; path = CurrentWeather.swift; sourceTree = "<group>"; };
		04C7D4291D9D11D700FED19F /* WeatherApp.app */ = {isa = PBXFileReference; explicitFileType = wrapper.application; includeInIndex = 0; path = WeatherApp.app; sourceTree = BUILT_PRODUCTS_DIR; };
		04C7D42C1D9D11D700FED19F /* AppDelegate.swift */ = {isa = PBXFileReference; lastKnownFileType = sourcecode.swift; path = AppDelegate.swift; sourceTree = "<group>"; };
		04C7D42E1D9D11D700FED19F /* WeatherVC.swift */ = {isa = PBXFileReference; lastKnownFileType = sourcecode.swift; path = WeatherVC.swift; sourceTree = "<group>"; };
		04C7D4311D9D11D700FED19F /* Base */ = {isa = PBXFileReference; lastKnownFileType = file.storyboard; name = Base; path = Base.lproj/Main.storyboard; sourceTree = "<group>"; };
		04C7D4331D9D11D700FED19F /* Assets.xcassets */ = {isa = PBXFileReference; lastKnownFileType = folder.assetcatalog; path = Assets.xcassets; sourceTree = "<group>"; };
		04C7D4361D9D11D700FED19F /* Base */ = {isa = PBXFileReference; lastKnownFileType = file.storyboard; name = Base; path = Base.lproj/LaunchScreen.storyboard; sourceTree = "<group>"; };
		04C7D4381D9D11D700FED19F /* Info.plist */ = {isa = PBXFileReference; lastKnownFileType = text.plist.xml; path = Info.plist; sourceTree = "<group>"; };
		2078B0A0B68737B94A2A8726 /* Pods-WeatherApp.release.xcconfig */ = {isa = PBXFileReference; includeInIndex = 1; lastKnownFileType = text.xcconfig; name = "Pods-WeatherApp.release.xcconfig"; path = "Pods/Target Support Files/Pods-WeatherApp/Pods-WeatherApp.release.xcconfig"; sourceTree = "<group>"; };
		4EBBFAB051763F1108034B30 /* Pods_WeatherApp.framework */ = {isa = PBXFileReference; explicitFileType = wrapper.framework; includeInIndex = 0; path = Pods_WeatherApp.framework; sourceTree = BUILT_PRODUCTS_DIR; };
		67F1BD7BE36015B01A1CF965 /* Pods-WeatherApp.debug.xcconfig */ = {isa = PBXFileReference; includeInIndex = 1; lastKnownFileType = text.xcconfig; name = "Pods-WeatherApp.debug.xcconfig"; path = "Pods/Target Support Files/Pods-WeatherApp/Pods-WeatherApp.debug.xcconfig"; sourceTree = "<group>"; };
/* End PBXFileReference section */

/* Begin PBXFrameworksBuildPhase section */
		04C7D4261D9D11D700FED19F /* Frameworks */ = {
			isa = PBXFrameworksBuildPhase;
			buildActionMask = 2147483647;
			files = (
				C7052E78667391FA94C34F85 /* Pods_WeatherApp.framework in Frameworks */,
			);
			runOnlyForDeploymentPostprocessing = 0;
		};
/* End PBXFrameworksBuildPhase section */

/* Begin PBXGroup section */
		04C7D4201D9D11D700FED19F = {
			isa = PBXGroup;
			children = (
				04C7D42B1D9D11D700FED19F /* WeatherApp */,
				04C7D42A1D9D11D700FED19F /* Products */,
				79EC14EC7E981772368186FD /* Pods */,
				9DE16C162BE80BDF1EA19156 /* Frameworks */,
			);
			sourceTree = "<group>";
		};
		04C7D42A1D9D11D700FED19F /* Products */ = {
			isa = PBXGroup;
			children = (
				04C7D4291D9D11D700FED19F /* WeatherApp.app */,
			);
			name = Products;
			sourceTree = "<group>";
		};
		04C7D42B1D9D11D700FED19F /* WeatherApp */ = {
			isa = PBXGroup;
			children = (
				04C7D42C1D9D11D700FED19F /* AppDelegate.swift */,
				04C7D42E1D9D11D700FED19F /* WeatherVC.swift */,
				04C7D4301D9D11D700FED19F /* Main.storyboard */,
				04C7D4331D9D11D700FED19F /* Assets.xcassets */,
				04C7D4351D9D11D700FED19F /* LaunchScreen.storyboard */,
				04C7D4381D9D11D700FED19F /* Info.plist */,
				049520E91D9E7F2C00FC8DE1 /* CurrentWeather.swift */,
				04256B5D1D9D4521002BF842 /* Constants.swift */,
				0463AE0F1D9F613500745E01 /* Forecast.swift */,
			);
			path = WeatherApp;
			sourceTree = "<group>";
		};
		79EC14EC7E981772368186FD /* Pods */ = {
			isa = PBXGroup;
			children = (
				67F1BD7BE36015B01A1CF965 /* Pods-WeatherApp.debug.xcconfig */,
				2078B0A0B68737B94A2A8726 /* Pods-WeatherApp.release.xcconfig */,
			);
			name = Pods;
			sourceTree = "<group>";
		};
		9DE16C162BE80BDF1EA19156 /* Frameworks */ = {
			isa = PBXGroup;
			children = (
				4EBBFAB051763F1108034B30 /* Pods_WeatherApp.framework */,
			);
			name = Frameworks;
			sourceTree = "<group>";
		};
/* End PBXGroup section */

/* Begin PBXNativeTarget section */
		04C7D4281D9D11D700FED19F /* WeatherApp */ = {
			isa = PBXNativeTarget;
			buildConfigurationList = 04C7D43B1D9D11D700FED19F /* Build configuration list for PBXNativeTarget "WeatherApp" */;
			buildPhases = (
				133EA54E4B3EB6296C8C3E41 /* [CP] Check Pods Manifest.lock */,
				04C7D4251D9D11D700FED19F /* Sources */,
				04C7D4261D9D11D700FED19F /* Frameworks */,
				04C7D4271D9D11D700FED19F /* Resources */,
				2448F30BF4A3388BF96BC58D /* [CP] Embed Pods Frameworks */,
				8D4A02B34A1F5D0EEB710C47 /* [CP] Copy Pods Resources */,
			);
			buildRules = (
			);
			dependencies = (
			);
			name = WeatherApp;
			productName = WeatherApp;
			productReference = 04C7D4291D9D11D700FED19F /* WeatherApp.app */;
			productType = "com.apple.product-type.application";
		};
/* End PBXNativeTarget section */

/* Begin PBXProject section */
		04C7D4211D9D11D700FED19F /* Project object */ = {
			isa = PBXProject;
			attributes = {
				LastSwiftUpdateCheck = 0800;
				LastUpgradeCheck = 0800;
				ORGANIZATIONNAME = MAC;
				TargetAttributes = {
					04C7D4281D9D11D700FED19F = {
						CreatedOnToolsVersion = 8.0;
						LastSwiftMigration = 0800;
						ProvisioningStyle = Automatic;
					};
				};
			};
			buildConfigurationList = 04C7D4241D9D11D700FED19F /* Build configuration list for PBXProject "WeatherApp" */;
			compatibilityVersion = "Xcode 3.2";
			developmentRegion = English;
			hasScannedForEncodings = 0;
			knownRegions = (
				en,
				Base,
			);
			mainGroup = 04C7D4201D9D11D700FED19F;
			productRefGroup = 04C7D42A1D9D11D700FED19F /* Products */;
			projectDirPath = "";
			projectRoot = "";
			targets = (
				04C7D4281D9D11D700FED19F /* WeatherApp */,
			);
		};
/* End PBXProject section */

/* Begin PBXResourcesBuildPhase section */
		04C7D4271D9D11D700FED19F /* Resources */ = {
			isa = PBXResourcesBuildPhase;
			buildActionMask = 2147483647;
			files = (
				04C7D4371D9D11D700FED19F /* LaunchScreen.storyboard in Resources */,
				04C7D4341D9D11D700FED19F /* Assets.xcassets in Resources */,
				04C7D4321D9D11D700FED19F /* Main.storyboard in Resources */,
			);
			runOnlyForDeploymentPostprocessing = 0;
		};
/* End PBXResourcesBuildPhase section */

/* Begin PBXShellScriptBuildPhase section */
		133EA54E4B3EB6296C8C3E41 /* [CP] Check Pods Manifest.lock */ = {
			isa = PBXShellScriptBuildPhase;
			buildActionMask = 2147483647;
			files = (
			);
			inputPaths = (
			);
			name = "[CP] Check Pods Manifest.lock";
			outputPaths = (
			);
			runOnlyForDeploymentPostprocessing = 0;
			shellPath = /bin/sh;
			shellScript = "diff \"${PODS_ROOT}/../Podfile.lock\" \"${PODS_ROOT}/Manifest.lock\" > /dev/null\nif [[ $? != 0 ]] ; then\n    cat << EOM\nerror: The sandbox is not in sync with the Podfile.lock. Run 'pod install' or update your CocoaPods installation.\nEOM\n    exit 1\nfi\n";
			showEnvVarsInLog = 0;
		};
		2448F30BF4A3388BF96BC58D /* [CP] Embed Pods Frameworks */ = {
			isa = PBXShellScriptBuildPhase;
			buildActionMask = 2147483647;
			files = (
			);
			inputPaths = (
			);
			name = "[CP] Embed Pods Frameworks";
			outputPaths = (
			);
			runOnlyForDeploymentPostprocessing = 0;
			shellPath = /bin/sh;
			shellScript = "\"${SRCROOT}/Pods/Target Support Files/Pods-WeatherApp/Pods-WeatherApp-frameworks.sh\"\n";
			showEnvVarsInLog = 0;
		};
		8D4A02B34A1F5D0EEB710C47 /* [CP] Copy Pods Resources */ = {
			isa = PBXShellScriptBuildPhase;
			buildActionMask = 2147483647;
			files = (
			);
			inputPaths = (
			);
			name = "[CP] Copy Pods Resources";
			outputPaths = (
			);
			runOnlyForDeploymentPostprocessing = 0;
			shellPath = /bin/sh;
			shellScript = "\"${SRCROOT}/Pods/Target Support Files/Pods-WeatherApp/Pods-WeatherApp-resources.sh\"\n";
			showEnvVarsInLog = 0;
		};
/* End PBXShellScriptBuildPhase section */

/* Begin PBXSourcesBuildPhase section */
		04C7D4251D9D11D700FED19F /* Sources */ = {
			isa = PBXSourcesBuildPhase;
			buildActionMask = 2147483647;
			files = (
				04C7D42F1D9D11D700FED19F /* WeatherVC.swift in Sources */,
				04C7D42D1D9D11D700FED19F /* AppDelegate.swift in Sources */,
				049520EA1D9E7F2C00FC8DE1 /* CurrentWeather.swift in Sources */,
				04256B5E1D9D4521002BF842 /* Constants.swift in Sources */,
				0463AE101D9F613500745E01 /* Forecast.swift in Sources */,
			);
			runOnlyForDeploymentPostprocessing = 0;
		};
/* End PBXSourcesBuildPhase section */

/* Begin PBXVariantGroup section */
		04C7D4301D9D11D700FED19F /* Main.storyboard */ = {
			isa = PBXVariantGroup;
			children = (
				04C7D4311D9D11D700FED19F /* Base */,
			);
			name = Main.storyboard;
			sourceTree = "<group>";
		};
		04C7D4351D9D11D700FED19F /* LaunchScreen.storyboard */ = {
			isa = PBXVariantGroup;
			children = (
				04C7D4361D9D11D700FED19F /* Base */,
			);
			name = LaunchScreen.storyboard;
			sourceTree = "<group>";
		};
/* End PBXVariantGroup section */

/* Begin XCBuildConfiguration section */
		04C7D4391D9D11D700FED19F /* Debug */ = {
			isa = XCBuildConfiguration;
			buildSettings = {
				ALWAYS_SEARCH_USER_PATHS = NO;
				CLANG_ANALYZER_NONNULL = YES;
				CLANG_CXX_LANGUAGE_STANDARD = "gnu++0x";
				CLANG_CXX_LIBRARY = "libc++";
				CLANG_ENABLE_MODULES = YES;
				CLANG_ENABLE_OBJC_ARC = YES;
				CLANG_WARN_BOOL_CONVERSION = YES;
				CLANG_WARN_CONSTANT_CONVERSION = YES;
				CLANG_WARN_DIRECT_OBJC_ISA_USAGE = YES_ERROR;
				CLANG_WARN_DOCUMENTATION_COMMENTS = YES;
				CLANG_WARN_EMPTY_BODY = YES;
				CLANG_WARN_ENUM_CONVERSION = YES;
				CLANG_WARN_INFINITE_RECURSION = YES;
				CLANG_WARN_INT_CONVERSION = YES;
				CLANG_WARN_OBJC_ROOT_CLASS = YES_ERROR;
				CLANG_WARN_SUSPICIOUS_MOVES = YES;
				CLANG_WARN_UNREACHABLE_CODE = YES;
				CLANG_WARN__DUPLICATE_METHOD_MATCH = YES;
				"CODE_SIGN_IDENTITY[sdk=iphoneos*]" = "iPhone Developer";
				COPY_PHASE_STRIP = NO;
				DEBUG_INFORMATION_FORMAT = dwarf;
				ENABLE_STRICT_OBJC_MSGSEND = YES;
				ENABLE_TESTABILITY = YES;
				GCC_C_LANGUAGE_STANDARD = gnu99;
				GCC_DYNAMIC_NO_PIC = NO;
				GCC_NO_COMMON_BLOCKS = YES;
				GCC_OPTIMIZATION_LEVEL = 0;
				GCC_PREPROCESSOR_DEFINITIONS = (
					"DEBUG=1",
					"$(inherited)",
				);
				GCC_WARN_64_TO_32_BIT_CONVERSION = YES;
				GCC_WARN_ABOUT_RETURN_TYPE = YES_ERROR;
				GCC_WARN_UNDECLARED_SELECTOR = YES;
				GCC_WARN_UNINITIALIZED_AUTOS = YES_AGGRESSIVE;
				GCC_WARN_UNUSED_FUNCTION = YES;
				GCC_WARN_UNUSED_VARIABLE = YES;
				IPHONEOS_DEPLOYMENT_TARGET = 10.0;
				MTL_ENABLE_DEBUG_INFO = YES;
				ONLY_ACTIVE_ARCH = YES;
				SDKROOT = iphoneos;
				SWIFT_ACTIVE_COMPILATION_CONDITIONS = DEBUG;
				SWIFT_OPTIMIZATION_LEVEL = "-Onone";
				TARGETED_DEVICE_FAMILY = "1,2";
			};
			name = Debug;
		};
		04C7D43A1D9D11D700FED19F /* Release */ = {
			isa = XCBuildConfiguration;
			buildSettings = {
				ALWAYS_SEARCH_USER_PATHS = NO;
				CLANG_ANALYZER_NONNULL = YES;
				CLANG_CXX_LANGUAGE_STANDARD = "gnu++0x";
				CLANG_CXX_LIBRARY = "libc++";
				CLANG_ENABLE_MODULES = YES;
				CLANG_ENABLE_OBJC_ARC = YES;
				CLANG_WARN_BOOL_CONVERSION = YES;
				CLANG_WARN_CONSTANT_CONVERSION = YES;
				CLANG_WARN_DIRECT_OBJC_ISA_USAGE = YES_ERROR;
				CLANG_WARN_DOCUMENTATION_COMMENTS = YES;
				CLANG_WARN_EMPTY_BODY = YES;
				CLANG_WARN_ENUM_CONVERSION = YES;
				CLANG_WARN_INFINITE_RECURSION = YES;
				CLANG_WARN_INT_CONVERSION = YES;
				CLANG_WARN_OBJC_ROOT_CLASS = YES_ERROR;
				CLANG_WARN_SUSPICIOUS_MOVES = YES;
				CLANG_WARN_UNREACHABLE_CODE = YES;
				CLANG_WARN__DUPLICATE_METHOD_MATCH = YES;
				"CODE_SIGN_IDENTITY[sdk=iphoneos*]" = "iPhone Developer";
				COPY_PHASE_STRIP = NO;
				DEBUG_INFORMATION_FORMAT = "dwarf-with-dsym";
				ENABLE_NS_ASSERTIONS = NO;
				ENABLE_STRICT_OBJC_MSGSEND = YES;
				GCC_C_LANGUAGE_STANDARD = gnu99;
				GCC_NO_COMMON_BLOCKS = YES;
				GCC_WARN_64_TO_32_BIT_CONVERSION = YES;
				GCC_WARN_ABOUT_RETURN_TYPE = YES_ERROR;
				GCC_WARN_UNDECLARED_SELECTOR = YES;
				GCC_WARN_UNINITIALIZED_AUTOS = YES_AGGRESSIVE;
				GCC_WARN_UNUSED_FUNCTION = YES;
				GCC_WARN_UNUSED_VARIABLE = YES;
				IPHONEOS_DEPLOYMENT_TARGET = 10.0;
				MTL_ENABLE_DEBUG_INFO = NO;
				SDKROOT = iphoneos;
				SWIFT_OPTIMIZATION_LEVEL = "-Owholemodule";
				TARGETED_DEVICE_FAMILY = "1,2";
				VALIDATE_PRODUCT = YES;
			};
			name = Release;
		};
		04C7D43C1D9D11D700FED19F /* Debug */ = {
			isa = XCBuildConfiguration;
			baseConfigurationReference = 67F1BD7BE36015B01A1CF965 /* Pods-WeatherApp.debug.xcconfig */;
			buildSettings = {
				ASSETCATALOG_COMPILER_APPICON_NAME = AppIcon;
				INFOPLIST_FILE = WeatherApp/Info.plist;
				LD_RUNPATH_SEARCH_PATHS = "$(inherited) @executable_path/Frameworks";
				PRODUCT_BUNDLE_IDENTIFIER = CeliaLRND.WeatherApp;
				PRODUCT_NAME = "$(TARGET_NAME)";
				SWIFT_VERSION = 3.0;
			};
			name = Debug;
		};
		04C7D43D1D9D11D700FED19F /* Release */ = {
			isa = XCBuildConfiguration;
			baseConfigurationReference = 2078B0A0B68737B94A2A8726 /* Pods-WeatherApp.release.xcconfig */;
			buildSettings = {
				ASSETCATALOG_COMPILER_APPICON_NAME = AppIcon;
				INFOPLIST_FILE = WeatherApp/Info.plist;
				LD_RUNPATH_SEARCH_PATHS = "$(inherited) @executable_path/Frameworks";
				PRODUCT_BUNDLE_IDENTIFIER = CeliaLRND.WeatherApp;
				PRODUCT_NAME = "$(TARGET_NAME)";
				SWIFT_VERSION = 3.0;
			};
			name = Release;
		};
/* End XCBuildConfiguration section */

/* Begin XCConfigurationList section */
		04C7D4241D9D11D700FED19F /* Build configuration list for PBXProject "WeatherApp" */ = {
			isa = XCConfigurationList;
			buildConfigurations = (
				04C7D4391D9D11D700FED19F /* Debug */,
				04C7D43A1D9D11D700FED19F /* Release */,
			);
			defaultConfigurationIsVisible = 0;
			defaultConfigurationName = Release;
		};
		04C7D43B1D9D11D700FED19F /* Build configuration list for PBXNativeTarget "WeatherApp" */ = {
			isa = XCConfigurationList;
			buildConfigurations = (
				04C7D43C1D9D11D700FED19F /* Debug */,
				04C7D43D1D9D11D700FED19F /* Release */,
			);
			defaultConfigurationIsVisible = 0;
			defaultConfigurationName = Release;
		};
/* End XCConfigurationList section */
	};
	rootObject = 04C7D4211D9D11D700FED19F /* Project object */;
}
